// !$*UTF8*$!
{
	archiveVersion = 1;
	classes = {
	};
	objectVersion = 50;
	objects = {

/* Begin PBXBuildFile section */
		32039902B7B791B1507E3296 /* libPods-DMFastlaneUITests.a in Frameworks */ = {isa = PBXBuildFile; fileRef = 3231996089D67159F262B036 /* libPods-DMFastlaneUITests.a */; };
		6B297421207E02B500ADE112 /* AppDelegate.m in Sources */ = {isa = PBXBuildFile; fileRef = 6B297420207E02B500ADE112 /* AppDelegate.m */; };
		6B297424207E02B500ADE112 /* ViewController.m in Sources */ = {isa = PBXBuildFile; fileRef = 6B297423207E02B500ADE112 /* ViewController.m */; };
		6B297427207E02B500ADE112 /* Main.storyboard in Resources */ = {isa = PBXBuildFile; fileRef = 6B297425207E02B500ADE112 /* Main.storyboard */; };
		6B297429207E02B700ADE112 /* Assets.xcassets in Resources */ = {isa = PBXBuildFile; fileRef = 6B297428207E02B700ADE112 /* Assets.xcassets */; };
		6B29742C207E02B700ADE112 /* LaunchScreen.storyboard in Resources */ = {isa = PBXBuildFile; fileRef = 6B29742A207E02B700ADE112 /* LaunchScreen.storyboard */; };
		6B29742F207E02B700ADE112 /* main.m in Sources */ = {isa = PBXBuildFile; fileRef = 6B29742E207E02B700ADE112 /* main.m */; };
		6B297439207E02B700ADE112 /* DMFastlaneTests.m in Sources */ = {isa = PBXBuildFile; fileRef = 6B297438207E02B700ADE112 /* DMFastlaneTests.m */; };
		6B297444207E02B700ADE112 /* DMFastlaneUITests.m in Sources */ = {isa = PBXBuildFile; fileRef = 6B297443207E02B700ADE112 /* DMFastlaneUITests.m */; };
		8E128B935EB87AE37E23CB3A /* libPods-DMFastlaneTests.a in Frameworks */ = {isa = PBXBuildFile; fileRef = F7DD567F397F0AB71DB4BFC4 /* libPods-DMFastlaneTests.a */; };
		CB90C35D3DFA7D4548DBAFED /* libPods-DMFastlane.a in Frameworks */ = {isa = PBXBuildFile; fileRef = 97A7F4B2CD44CBEE523D2631 /* libPods-DMFastlane.a */; };
/* End PBXBuildFile section */

/* Begin PBXContainerItemProxy section */
		6B297435207E02B700ADE112 /* PBXContainerItemProxy */ = {
			isa = PBXContainerItemProxy;
			containerPortal = 6B297414207E02B500ADE112 /* Project object */;
			proxyType = 1;
			remoteGlobalIDString = 6B29741B207E02B500ADE112;
			remoteInfo = DMFastlane;
		};
		6B297440207E02B700ADE112 /* PBXContainerItemProxy */ = {
			isa = PBXContainerItemProxy;
			containerPortal = 6B297414207E02B500ADE112 /* Project object */;
			proxyType = 1;
			remoteGlobalIDString = 6B29741B207E02B500ADE112;
			remoteInfo = DMFastlane;
		};
/* End PBXContainerItemProxy section */

/* Begin PBXFileReference section */
		23B68C88C2A549F0B8F40A31 /* Pods-DMFastlaneUITests.release.xcconfig */ = {isa = PBXFileReference; includeInIndex = 1; lastKnownFileType = text.xcconfig; name = "Pods-DMFastlaneUITests.release.xcconfig"; path = "Pods/Target Support Files/Pods-DMFastlaneUITests/Pods-DMFastlaneUITests.release.xcconfig"; sourceTree = "<group>"; };
		3231996089D67159F262B036 /* libPods-DMFastlaneUITests.a */ = {isa = PBXFileReference; explicitFileType = archive.ar; includeInIndex = 0; path = "libPods-DMFastlaneUITests.a"; sourceTree = BUILT_PRODUCTS_DIR; };
		3349AF2F9940A4378C3D0D5A /* Pods-DMFastlaneUITests.debug.xcconfig */ = {isa = PBXFileReference; includeInIndex = 1; lastKnownFileType = text.xcconfig; name = "Pods-DMFastlaneUITests.debug.xcconfig"; path = "Pods/Target Support Files/Pods-DMFastlaneUITests/Pods-DMFastlaneUITests.debug.xcconfig"; sourceTree = "<group>"; };
		655B9B7D13EDFEFC74EDE85B /* Pods-DMFastlaneTests.release.xcconfig */ = {isa = PBXFileReference; includeInIndex = 1; lastKnownFileType = text.xcconfig; name = "Pods-DMFastlaneTests.release.xcconfig"; path = "Pods/Target Support Files/Pods-DMFastlaneTests/Pods-DMFastlaneTests.release.xcconfig"; sourceTree = "<group>"; };
		6B29741C207E02B500ADE112 /* DMFastlane.app */ = {isa = PBXFileReference; explicitFileType = wrapper.application; includeInIndex = 0; path = DMFastlane.app; sourceTree = BUILT_PRODUCTS_DIR; };
		6B29741F207E02B500ADE112 /* AppDelegate.h */ = {isa = PBXFileReference; lastKnownFileType = sourcecode.c.h; path = AppDelegate.h; sourceTree = "<group>"; };
		6B297420207E02B500ADE112 /* AppDelegate.m */ = {isa = PBXFileReference; lastKnownFileType = sourcecode.c.objc; path = AppDelegate.m; sourceTree = "<group>"; };
		6B297422207E02B500ADE112 /* ViewController.h */ = {isa = PBXFileReference; lastKnownFileType = sourcecode.c.h; path = ViewController.h; sourceTree = "<group>"; };
		6B297423207E02B500ADE112 /* ViewController.m */ = {isa = PBXFileReference; lastKnownFileType = sourcecode.c.objc; path = ViewController.m; sourceTree = "<group>"; };
		6B297426207E02B500ADE112 /* Base */ = {isa = PBXFileReference; lastKnownFileType = file.storyboard; name = Base; path = Base.lproj/Main.storyboard; sourceTree = "<group>"; };
		6B297428207E02B700ADE112 /* Assets.xcassets */ = {isa = PBXFileReference; lastKnownFileType = folder.assetcatalog; path = Assets.xcassets; sourceTree = "<group>"; };
		6B29742B207E02B700ADE112 /* Base */ = {isa = PBXFileReference; lastKnownFileType = file.storyboard; name = Base; path = Base.lproj/LaunchScreen.storyboard; sourceTree = "<group>"; };
		6B29742D207E02B700ADE112 /* Info.plist */ = {isa = PBXFileReference; lastKnownFileType = text.plist.xml; path = Info.plist; sourceTree = "<group>"; };
		6B29742E207E02B700ADE112 /* main.m */ = {isa = PBXFileReference; lastKnownFileType = sourcecode.c.objc; path = main.m; sourceTree = "<group>"; };
		6B297434207E02B700ADE112 /* DMFastlaneTests.xctest */ = {isa = PBXFileReference; explicitFileType = wrapper.cfbundle; includeInIndex = 0; path = DMFastlaneTests.xctest; sourceTree = BUILT_PRODUCTS_DIR; };
		6B297438207E02B700ADE112 /* DMFastlaneTests.m */ = {isa = PBXFileReference; lastKnownFileType = sourcecode.c.objc; path = DMFastlaneTests.m; sourceTree = "<group>"; };
		6B29743A207E02B700ADE112 /* Info.plist */ = {isa = PBXFileReference; lastKnownFileType = text.plist.xml; path = Info.plist; sourceTree = "<group>"; };
		6B29743F207E02B700ADE112 /* DMFastlaneUITests.xctest */ = {isa = PBXFileReference; explicitFileType = wrapper.cfbundle; includeInIndex = 0; path = DMFastlaneUITests.xctest; sourceTree = BUILT_PRODUCTS_DIR; };
		6B297443207E02B700ADE112 /* DMFastlaneUITests.m */ = {isa = PBXFileReference; lastKnownFileType = sourcecode.c.objc; path = DMFastlaneUITests.m; sourceTree = "<group>"; };
		6B297445207E02B700ADE112 /* Info.plist */ = {isa = PBXFileReference; lastKnownFileType = text.plist.xml; path = Info.plist; sourceTree = "<group>"; };
		7798C60C5C1B03E8743BE06B /* Pods-DMFastlane.debug.xcconfig */ = {isa = PBXFileReference; includeInIndex = 1; lastKnownFileType = text.xcconfig; name = "Pods-DMFastlane.debug.xcconfig"; path = "Pods/Target Support Files/Pods-DMFastlane/Pods-DMFastlane.debug.xcconfig"; sourceTree = "<group>"; };
		79FAC6D8D1A02FE350B2E7EF /* Pods-DMFastlane.release.xcconfig */ = {isa = PBXFileReference; includeInIndex = 1; lastKnownFileType = text.xcconfig; name = "Pods-DMFastlane.release.xcconfig"; path = "Pods/Target Support Files/Pods-DMFastlane/Pods-DMFastlane.release.xcconfig"; sourceTree = "<group>"; };
		835EC1271B5FB86AEFB531CC /* Pods-DMFastlaneTests.debug.xcconfig */ = {isa = PBXFileReference; includeInIndex = 1; lastKnownFileType = text.xcconfig; name = "Pods-DMFastlaneTests.debug.xcconfig"; path = "Pods/Target Support Files/Pods-DMFastlaneTests/Pods-DMFastlaneTests.debug.xcconfig"; sourceTree = "<group>"; };
		97A7F4B2CD44CBEE523D2631 /* libPods-DMFastlane.a */ = {isa = PBXFileReference; explicitFileType = archive.ar; includeInIndex = 0; path = "libPods-DMFastlane.a"; sourceTree = BUILT_PRODUCTS_DIR; };
		F7DD567F397F0AB71DB4BFC4 /* libPods-DMFastlaneTests.a */ = {isa = PBXFileReference; explicitFileType = archive.ar; includeInIndex = 0; path = "libPods-DMFastlaneTests.a"; sourceTree = BUILT_PRODUCTS_DIR; };
/* End PBXFileReference section */

/* Begin PBXFrameworksBuildPhase section */
		6B297419207E02B500ADE112 /* Frameworks */ = {
			isa = PBXFrameworksBuildPhase;
			buildActionMask = 2147483647;
			files = (
				CB90C35D3DFA7D4548DBAFED /* libPods-DMFastlane.a in Frameworks */,
			);
			runOnlyForDeploymentPostprocessing = 0;
		};
		6B297431207E02B700ADE112 /* Frameworks */ = {
			isa = PBXFrameworksBuildPhase;
			buildActionMask = 2147483647;
			files = (
				8E128B935EB87AE37E23CB3A /* libPods-DMFastlaneTests.a in Frameworks */,
			);
			runOnlyForDeploymentPostprocessing = 0;
		};
		6B29743C207E02B700ADE112 /* Frameworks */ = {
			isa = PBXFrameworksBuildPhase;
			buildActionMask = 2147483647;
			files = (
				32039902B7B791B1507E3296 /* libPods-DMFastlaneUITests.a in Frameworks */,
			);
			runOnlyForDeploymentPostprocessing = 0;
		};
/* End PBXFrameworksBuildPhase section */

/* Begin PBXGroup section */
		0FBF83E326572BD4D7041448 /* Frameworks */ = {
			isa = PBXGroup;
			children = (
				97A7F4B2CD44CBEE523D2631 /* libPods-DMFastlane.a */,
				F7DD567F397F0AB71DB4BFC4 /* libPods-DMFastlaneTests.a */,
				3231996089D67159F262B036 /* libPods-DMFastlaneUITests.a */,
			);
			name = Frameworks;
			sourceTree = "<group>";
		};
		2B1AA8C90C3CCB41D2947ADA /* Pods */ = {
			isa = PBXGroup;
			children = (
				7798C60C5C1B03E8743BE06B /* Pods-DMFastlane.debug.xcconfig */,
				79FAC6D8D1A02FE350B2E7EF /* Pods-DMFastlane.release.xcconfig */,
				835EC1271B5FB86AEFB531CC /* Pods-DMFastlaneTests.debug.xcconfig */,
				655B9B7D13EDFEFC74EDE85B /* Pods-DMFastlaneTests.release.xcconfig */,
				3349AF2F9940A4378C3D0D5A /* Pods-DMFastlaneUITests.debug.xcconfig */,
				23B68C88C2A549F0B8F40A31 /* Pods-DMFastlaneUITests.release.xcconfig */,
			);
			name = Pods;
			sourceTree = "<group>";
		};
		6B297413207E02B500ADE112 = {
			isa = PBXGroup;
			children = (
				6B29741E207E02B500ADE112 /* DMFastlane */,
				6B297437207E02B700ADE112 /* DMFastlaneTests */,
				6B297442207E02B700ADE112 /* DMFastlaneUITests */,
				6B29741D207E02B500ADE112 /* Products */,
				2B1AA8C90C3CCB41D2947ADA /* Pods */,
				0FBF83E326572BD4D7041448 /* Frameworks */,
			);
			sourceTree = "<group>";
		};
		6B29741D207E02B500ADE112 /* Products */ = {
			isa = PBXGroup;
			children = (
				6B29741C207E02B500ADE112 /* DMFastlane.app */,
				6B297434207E02B700ADE112 /* DMFastlaneTests.xctest */,
				6B29743F207E02B700ADE112 /* DMFastlaneUITests.xctest */,
			);
			name = Products;
			sourceTree = "<group>";
		};
		6B29741E207E02B500ADE112 /* DMFastlane */ = {
			isa = PBXGroup;
			children = (
				6B29741F207E02B500ADE112 /* AppDelegate.h */,
				6B297420207E02B500ADE112 /* AppDelegate.m */,
				6B297422207E02B500ADE112 /* ViewController.h */,
				6B297423207E02B500ADE112 /* ViewController.m */,
				6B297425207E02B500ADE112 /* Main.storyboard */,
				6B297428207E02B700ADE112 /* Assets.xcassets */,
				6B29742A207E02B700ADE112 /* LaunchScreen.storyboard */,
				6B29742D207E02B700ADE112 /* Info.plist */,
				6B29742E207E02B700ADE112 /* main.m */,
			);
			path = DMFastlane;
			sourceTree = "<group>";
		};
		6B297437207E02B700ADE112 /* DMFastlaneTests */ = {
			isa = PBXGroup;
			children = (
				6B297438207E02B700ADE112 /* DMFastlaneTests.m */,
				6B29743A207E02B700ADE112 /* Info.plist */,
			);
			path = DMFastlaneTests;
			sourceTree = "<group>";
		};
		6B297442207E02B700ADE112 /* DMFastlaneUITests */ = {
			isa = PBXGroup;
			children = (
				6B297443207E02B700ADE112 /* DMFastlaneUITests.m */,
				6B297445207E02B700ADE112 /* Info.plist */,
			);
			path = DMFastlaneUITests;
			sourceTree = "<group>";
		};
/* End PBXGroup section */

/* Begin PBXNativeTarget section */
		6B29741B207E02B500ADE112 /* DMFastlane */ = {
			isa = PBXNativeTarget;
			buildConfigurationList = 6B297448207E02B700ADE112 /* Build configuration list for PBXNativeTarget "DMFastlane" */;
			buildPhases = (
				0F53DC90D6ED9809F142D453 /* [CP] Check Pods Manifest.lock */,
				6B297418207E02B500ADE112 /* Sources */,
				6B297419207E02B500ADE112 /* Frameworks */,
				6B29741A207E02B500ADE112 /* Resources */,
				1BC492F2C7845F112F09DF13 /* [CP] Embed Pods Frameworks */,
				1F52DF1DFDB125DD6AC89220 /* [CP] Copy Pods Resources */,
			);
			buildRules = (
			);
			dependencies = (
			);
			name = DMFastlane;
			productName = DMFastlane;
			productReference = 6B29741C207E02B500ADE112 /* DMFastlane.app */;
			productType = "com.apple.product-type.application";
		};
		6B297433207E02B700ADE112 /* DMFastlaneTests */ = {
			isa = PBXNativeTarget;
			buildConfigurationList = 6B29744B207E02B700ADE112 /* Build configuration list for PBXNativeTarget "DMFastlaneTests" */;
			buildPhases = (
				3B4CFAD25DB37B584B13F39C /* [CP] Check Pods Manifest.lock */,
				6B297430207E02B700ADE112 /* Sources */,
				6B297431207E02B700ADE112 /* Frameworks */,
				6B297432207E02B700ADE112 /* Resources */,
				8AE4C202DD728EB54749A3E4 /* [CP] Embed Pods Frameworks */,
				64A23CB88201AB3434371A9E /* [CP] Copy Pods Resources */,
			);
			buildRules = (
			);
			dependencies = (
				6B297436207E02B700ADE112 /* PBXTargetDependency */,
			);
			name = DMFastlaneTests;
			productName = DMFastlaneTests;
			productReference = 6B297434207E02B700ADE112 /* DMFastlaneTests.xctest */;
			productType = "com.apple.product-type.bundle.unit-test";
		};
		6B29743E207E02B700ADE112 /* DMFastlaneUITests */ = {
			isa = PBXNativeTarget;
			buildConfigurationList = 6B29744E207E02B700ADE112 /* Build configuration list for PBXNativeTarget "DMFastlaneUITests" */;
			buildPhases = (
				DDBCE1B84B94F02F49CC46B6 /* [CP] Check Pods Manifest.lock */,
				6B29743B207E02B700ADE112 /* Sources */,
				6B29743C207E02B700ADE112 /* Frameworks */,
				6B29743D207E02B700ADE112 /* Resources */,
				A1E062D0C7C9718286577BB5 /* [CP] Embed Pods Frameworks */,
				D141A0C95B209D5DC23EA0BE /* [CP] Copy Pods Resources */,
			);
			buildRules = (
			);
			dependencies = (
				6B297441207E02B700ADE112 /* PBXTargetDependency */,
			);
			name = DMFastlaneUITests;
			productName = DMFastlaneUITests;
			productReference = 6B29743F207E02B700ADE112 /* DMFastlaneUITests.xctest */;
			productType = "com.apple.product-type.bundle.ui-testing";
		};
/* End PBXNativeTarget section */

/* Begin PBXProject section */
		6B297414207E02B500ADE112 /* Project object */ = {
			isa = PBXProject;
			attributes = {
				LastUpgradeCheck = 0930;
				ORGANIZATIONNAME = lbq;
				TargetAttributes = {
					6B29741B207E02B500ADE112 = {
						CreatedOnToolsVersion = 9.3;
					};
					6B297433207E02B700ADE112 = {
						CreatedOnToolsVersion = 9.3;
						TestTargetID = 6B29741B207E02B500ADE112;
					};
					6B29743E207E02B700ADE112 = {
						CreatedOnToolsVersion = 9.3;
						TestTargetID = 6B29741B207E02B500ADE112;
					};
				};
			};
			buildConfigurationList = 6B297417207E02B500ADE112 /* Build configuration list for PBXProject "DMFastlane" */;
			compatibilityVersion = "Xcode 9.3";
			developmentRegion = en;
			hasScannedForEncodings = 0;
			knownRegions = (
				en,
				Base,
			);
			mainGroup = 6B297413207E02B500ADE112;
			productRefGroup = 6B29741D207E02B500ADE112 /* Products */;
			projectDirPath = "";
			projectRoot = "";
			targets = (
				6B29741B207E02B500ADE112 /* DMFastlane */,
				6B297433207E02B700ADE112 /* DMFastlaneTests */,
				6B29743E207E02B700ADE112 /* DMFastlaneUITests */,
			);
		};
/* End PBXProject section */

/* Begin PBXResourcesBuildPhase section */
		6B29741A207E02B500ADE112 /* Resources */ = {
			isa = PBXResourcesBuildPhase;
			buildActionMask = 2147483647;
			files = (
				6B29742C207E02B700ADE112 /* LaunchScreen.storyboard in Resources */,
				6B297429207E02B700ADE112 /* Assets.xcassets in Resources */,
				6B297427207E02B500ADE112 /* Main.storyboard in Resources */,
			);
			runOnlyForDeploymentPostprocessing = 0;
		};
		6B297432207E02B700ADE112 /* Resources */ = {
			isa = PBXResourcesBuildPhase;
			buildActionMask = 2147483647;
			files = (
			);
			runOnlyForDeploymentPostprocessing = 0;
		};
		6B29743D207E02B700ADE112 /* Resources */ = {
			isa = PBXResourcesBuildPhase;
			buildActionMask = 2147483647;
			files = (
			);
			runOnlyForDeploymentPostprocessing = 0;
		};
/* End PBXResourcesBuildPhase section */

/* Begin PBXShellScriptBuildPhase section */
		0F53DC90D6ED9809F142D453 /* [CP] Check Pods Manifest.lock */ = {
			isa = PBXShellScriptBuildPhase;
			buildActionMask = 2147483647;
			files = (
			);
			inputPaths = (
				"${PODS_PODFILE_DIR_PATH}/Podfile.lock",
				"${PODS_ROOT}/Manifest.lock",
			);
			name = "[CP] Check Pods Manifest.lock";
			outputPaths = (
				"$(DERIVED_FILE_DIR)/Pods-DMFastlane-checkManifestLockResult.txt",
			);
			runOnlyForDeploymentPostprocessing = 0;
			shellPath = /bin/sh;
			shellScript = "diff \"${PODS_PODFILE_DIR_PATH}/Podfile.lock\" \"${PODS_ROOT}/Manifest.lock\" > /dev/null\nif [ $? != 0 ] ; then\n    # print error to STDERR\n    echo \"error: The sandbox is not in sync with the Podfile.lock. Run 'pod install' or update your CocoaPods installation.\" >&2\n    exit 1\nfi\n# This output is used by Xcode 'outputs' to avoid re-running this script phase.\necho \"SUCCESS\" > \"${SCRIPT_OUTPUT_FILE_0}\"\n";
			showEnvVarsInLog = 0;
		};
		1BC492F2C7845F112F09DF13 /* [CP] Embed Pods Frameworks */ = {
			isa = PBXShellScriptBuildPhase;
			buildActionMask = 2147483647;
			files = (
			);
			inputPaths = (
			);
			name = "[CP] Embed Pods Frameworks";
			outputPaths = (
			);
			runOnlyForDeploymentPostprocessing = 0;
			shellPath = /bin/sh;
			shellScript = "\"${SRCROOT}/Pods/Target Support Files/Pods-DMFastlane/Pods-DMFastlane-frameworks.sh\"\n";
			showEnvVarsInLog = 0;
		};
		1F52DF1DFDB125DD6AC89220 /* [CP] Copy Pods Resources */ = {
			isa = PBXShellScriptBuildPhase;
			buildActionMask = 2147483647;
			files = (
			);
			inputPaths = (
			);
			name = "[CP] Copy Pods Resources";
			outputPaths = (
			);
			runOnlyForDeploymentPostprocessing = 0;
			shellPath = /bin/sh;
			shellScript = "\"${SRCROOT}/Pods/Target Support Files/Pods-DMFastlane/Pods-DMFastlane-resources.sh\"\n";
			showEnvVarsInLog = 0;
		};
		3B4CFAD25DB37B584B13F39C /* [CP] Check Pods Manifest.lock */ = {
			isa = PBXShellScriptBuildPhase;
			buildActionMask = 2147483647;
			files = (
			);
			inputPaths = (
				"${PODS_PODFILE_DIR_PATH}/Podfile.lock",
				"${PODS_ROOT}/Manifest.lock",
			);
			name = "[CP] Check Pods Manifest.lock";
			outputPaths = (
				"$(DERIVED_FILE_DIR)/Pods-DMFastlaneTests-checkManifestLockResult.txt",
			);
			runOnlyForDeploymentPostprocessing = 0;
			shellPath = /bin/sh;
			shellScript = "diff \"${PODS_PODFILE_DIR_PATH}/Podfile.lock\" \"${PODS_ROOT}/Manifest.lock\" > /dev/null\nif [ $? != 0 ] ; then\n    # print error to STDERR\n    echo \"error: The sandbox is not in sync with the Podfile.lock. Run 'pod install' or update your CocoaPods installation.\" >&2\n    exit 1\nfi\n# This output is used by Xcode 'outputs' to avoid re-running this script phase.\necho \"SUCCESS\" > \"${SCRIPT_OUTPUT_FILE_0}\"\n";
			showEnvVarsInLog = 0;
		};
		64A23CB88201AB3434371A9E /* [CP] Copy Pods Resources */ = {
			isa = PBXShellScriptBuildPhase;
			buildActionMask = 2147483647;
			files = (
			);
			inputPaths = (
			);
			name = "[CP] Copy Pods Resources";
			outputPaths = (
			);
			runOnlyForDeploymentPostprocessing = 0;
			shellPath = /bin/sh;
			shellScript = "\"${SRCROOT}/Pods/Target Support Files/Pods-DMFastlaneTests/Pods-DMFastlaneTests-resources.sh\"\n";
			showEnvVarsInLog = 0;
		};
		8AE4C202DD728EB54749A3E4 /* [CP] Embed Pods Frameworks */ = {
			isa = PBXShellScriptBuildPhase;
			buildActionMask = 2147483647;
			files = (
			);
			inputPaths = (
			);
			name = "[CP] Embed Pods Frameworks";
			outputPaths = (
			);
			runOnlyForDeploymentPostprocessing = 0;
			shellPath = /bin/sh;
			shellScript = "\"${SRCROOT}/Pods/Target Support Files/Pods-DMFastlaneTests/Pods-DMFastlaneTests-frameworks.sh\"\n";
			showEnvVarsInLog = 0;
		};
		A1E062D0C7C9718286577BB5 /* [CP] Embed Pods Frameworks */ = {
			isa = PBXShellScriptBuildPhase;
			buildActionMask = 2147483647;
			files = (
			);
			inputPaths = (
			);
			name = "[CP] Embed Pods Frameworks";
			outputPaths = (
			);
			runOnlyForDeploymentPostprocessing = 0;
			shellPath = /bin/sh;
			shellScript = "\"${SRCROOT}/Pods/Target Support Files/Pods-DMFastlaneUITests/Pods-DMFastlaneUITests-frameworks.sh\"\n";
			showEnvVarsInLog = 0;
		};
		D141A0C95B209D5DC23EA0BE /* [CP] Copy Pods Resources */ = {
			isa = PBXShellScriptBuildPhase;
			buildActionMask = 2147483647;
			files = (
			);
			inputPaths = (
			);
			name = "[CP] Copy Pods Resources";
			outputPaths = (
			);
			runOnlyForDeploymentPostprocessing = 0;
			shellPath = /bin/sh;
			shellScript = "\"${SRCROOT}/Pods/Target Support Files/Pods-DMFastlaneUITests/Pods-DMFastlaneUITests-resources.sh\"\n";
			showEnvVarsInLog = 0;
		};
		DDBCE1B84B94F02F49CC46B6 /* [CP] Check Pods Manifest.lock */ = {
			isa = PBXShellScriptBuildPhase;
			buildActionMask = 2147483647;
			files = (
			);
			inputPaths = (
				"${PODS_PODFILE_DIR_PATH}/Podfile.lock",
				"${PODS_ROOT}/Manifest.lock",
			);
			name = "[CP] Check Pods Manifest.lock";
			outputPaths = (
				"$(DERIVED_FILE_DIR)/Pods-DMFastlaneUITests-checkManifestLockResult.txt",
			);
			runOnlyForDeploymentPostprocessing = 0;
			shellPath = /bin/sh;
			shellScript = "diff \"${PODS_PODFILE_DIR_PATH}/Podfile.lock\" \"${PODS_ROOT}/Manifest.lock\" > /dev/null\nif [ $? != 0 ] ; then\n    # print error to STDERR\n    echo \"error: The sandbox is not in sync with the Podfile.lock. Run 'pod install' or update your CocoaPods installation.\" >&2\n    exit 1\nfi\n# This output is used by Xcode 'outputs' to avoid re-running this script phase.\necho \"SUCCESS\" > \"${SCRIPT_OUTPUT_FILE_0}\"\n";
			showEnvVarsInLog = 0;
		};
/* End PBXShellScriptBuildPhase section */

/* Begin PBXSourcesBuildPhase section */
		6B297418207E02B500ADE112 /* Sources */ = {
			isa = PBXSourcesBuildPhase;
			buildActionMask = 2147483647;
			files = (
				6B297424207E02B500ADE112 /* ViewController.m in Sources */,
				6B29742F207E02B700ADE112 /* main.m in Sources */,
				6B297421207E02B500ADE112 /* AppDelegate.m in Sources */,
			);
			runOnlyForDeploymentPostprocessing = 0;
		};
		6B297430207E02B700ADE112 /* Sources */ = {
			isa = PBXSourcesBuildPhase;
			buildActionMask = 2147483647;
			files = (
				6B297439207E02B700ADE112 /* DMFastlaneTests.m in Sources */,
			);
			runOnlyForDeploymentPostprocessing = 0;
		};
		6B29743B207E02B700ADE112 /* Sources */ = {
			isa = PBXSourcesBuildPhase;
			buildActionMask = 2147483647;
			files = (
				6B297444207E02B700ADE112 /* DMFastlaneUITests.m in Sources */,
			);
			runOnlyForDeploymentPostprocessing = 0;
		};
/* End PBXSourcesBuildPhase section */

/* Begin PBXTargetDependency section */
		6B297436207E02B700ADE112 /* PBXTargetDependency */ = {
			isa = PBXTargetDependency;
			target = 6B29741B207E02B500ADE112 /* DMFastlane */;
			targetProxy = 6B297435207E02B700ADE112 /* PBXContainerItemProxy */;
		};
		6B297441207E02B700ADE112 /* PBXTargetDependency */ = {
			isa = PBXTargetDependency;
			target = 6B29741B207E02B500ADE112 /* DMFastlane */;
			targetProxy = 6B297440207E02B700ADE112 /* PBXContainerItemProxy */;
		};
/* End PBXTargetDependency section */

/* Begin PBXVariantGroup section */
		6B297425207E02B500ADE112 /* Main.storyboard */ = {
			isa = PBXVariantGroup;
			children = (
				6B297426207E02B500ADE112 /* Base */,
			);
			name = Main.storyboard;
			sourceTree = "<group>";
		};
		6B29742A207E02B700ADE112 /* LaunchScreen.storyboard */ = {
			isa = PBXVariantGroup;
			children = (
				6B29742B207E02B700ADE112 /* Base */,
			);
			name = LaunchScreen.storyboard;
			sourceTree = "<group>";
		};
/* End PBXVariantGroup section */

/* Begin XCBuildConfiguration section */
		6B297446207E02B700ADE112 /* Debug */ = {
			isa = XCBuildConfiguration;
			buildSettings = {
				ALWAYS_SEARCH_USER_PATHS = NO;
				CLANG_ANALYZER_NONNULL = YES;
				CLANG_ANALYZER_NUMBER_OBJECT_CONVERSION = YES_AGGRESSIVE;
				CLANG_CXX_LANGUAGE_STANDARD = "gnu++14";
				CLANG_CXX_LIBRARY = "libc++";
				CLANG_ENABLE_MODULES = YES;
				CLANG_ENABLE_OBJC_ARC = YES;
				CLANG_ENABLE_OBJC_WEAK = YES;
				CLANG_WARN_BLOCK_CAPTURE_AUTORELEASING = YES;
				CLANG_WARN_BOOL_CONVERSION = YES;
				CLANG_WARN_COMMA = YES;
				CLANG_WARN_CONSTANT_CONVERSION = YES;
				CLANG_WARN_DEPRECATED_OBJC_IMPLEMENTATIONS = YES;
				CLANG_WARN_DIRECT_OBJC_ISA_USAGE = YES_ERROR;
				CLANG_WARN_DOCUMENTATION_COMMENTS = YES;
				CLANG_WARN_EMPTY_BODY = YES;
				CLANG_WARN_ENUM_CONVERSION = YES;
				CLANG_WARN_INFINITE_RECURSION = YES;
				CLANG_WARN_INT_CONVERSION = YES;
				CLANG_WARN_NON_LITERAL_NULL_CONVERSION = YES;
				CLANG_WARN_OBJC_IMPLICIT_RETAIN_SELF = YES;
				CLANG_WARN_OBJC_LITERAL_CONVERSION = YES;
				CLANG_WARN_OBJC_ROOT_CLASS = YES_ERROR;
				CLANG_WARN_RANGE_LOOP_ANALYSIS = YES;
				CLANG_WARN_STRICT_PROTOTYPES = YES;
				CLANG_WARN_SUSPICIOUS_MOVE = YES;
				CLANG_WARN_UNGUARDED_AVAILABILITY = YES_AGGRESSIVE;
				CLANG_WARN_UNREACHABLE_CODE = YES;
				CLANG_WARN__DUPLICATE_METHOD_MATCH = YES;
				CODE_SIGN_IDENTITY = "iPhone Developer";
				COPY_PHASE_STRIP = NO;
				DEBUG_INFORMATION_FORMAT = dwarf;
				ENABLE_STRICT_OBJC_MSGSEND = YES;
				ENABLE_TESTABILITY = YES;
				GCC_C_LANGUAGE_STANDARD = gnu11;
				GCC_DYNAMIC_NO_PIC = NO;
				GCC_NO_COMMON_BLOCKS = YES;
				GCC_OPTIMIZATION_LEVEL = 0;
				GCC_PREPROCESSOR_DEFINITIONS = (
					"DEBUG=1",
					"$(inherited)",
				);
				GCC_WARN_64_TO_32_BIT_CONVERSION = YES;
				GCC_WARN_ABOUT_RETURN_TYPE = YES_ERROR;
				GCC_WARN_UNDECLARED_SELECTOR = YES;
				GCC_WARN_UNINITIALIZED_AUTOS = YES_AGGRESSIVE;
				GCC_WARN_UNUSED_FUNCTION = YES;
				GCC_WARN_UNUSED_VARIABLE = YES;
				IPHONEOS_DEPLOYMENT_TARGET = 11.3;
				MTL_ENABLE_DEBUG_INFO = YES;
				ONLY_ACTIVE_ARCH = YES;
				SDKROOT = iphoneos;
			};
			name = Debug;
		};
		6B297447207E02B700ADE112 /* Release */ = {
			isa = XCBuildConfiguration;
			buildSettings = {
				ALWAYS_SEARCH_USER_PATHS = NO;
				CLANG_ANALYZER_NONNULL = YES;
				CLANG_ANALYZER_NUMBER_OBJECT_CONVERSION = YES_AGGRESSIVE;
				CLANG_CXX_LANGUAGE_STANDARD = "gnu++14";
				CLANG_CXX_LIBRARY = "libc++";
				CLANG_ENABLE_MODULES = YES;
				CLANG_ENABLE_OBJC_ARC = YES;
				CLANG_ENABLE_OBJC_WEAK = YES;
				CLANG_WARN_BLOCK_CAPTURE_AUTORELEASING = YES;
				CLANG_WARN_BOOL_CONVERSION = YES;
				CLANG_WARN_COMMA = YES;
				CLANG_WARN_CONSTANT_CONVERSION = YES;
				CLANG_WARN_DEPRECATED_OBJC_IMPLEMENTATIONS = YES;
				CLANG_WARN_DIRECT_OBJC_ISA_USAGE = YES_ERROR;
				CLANG_WARN_DOCUMENTATION_COMMENTS = YES;
				CLANG_WARN_EMPTY_BODY = YES;
				CLANG_WARN_ENUM_CONVERSION = YES;
				CLANG_WARN_INFINITE_RECURSION = YES;
				CLANG_WARN_INT_CONVERSION = YES;
				CLANG_WARN_NON_LITERAL_NULL_CONVERSION = YES;
				CLANG_WARN_OBJC_IMPLICIT_RETAIN_SELF = YES;
				CLANG_WARN_OBJC_LITERAL_CONVERSION = YES;
				CLANG_WARN_OBJC_ROOT_CLASS = YES_ERROR;
				CLANG_WARN_RANGE_LOOP_ANALYSIS = YES;
				CLANG_WARN_STRICT_PROTOTYPES = YES;
				CLANG_WARN_SUSPICIOUS_MOVE = YES;
				CLANG_WARN_UNGUARDED_AVAILABILITY = YES_AGGRESSIVE;
				CLANG_WARN_UNREACHABLE_CODE = YES;
				CLANG_WARN__DUPLICATE_METHOD_MATCH = YES;
				CODE_SIGN_IDENTITY = "iPhone Developer";
				COPY_PHASE_STRIP = NO;
				DEBUG_INFORMATION_FORMAT = "dwarf-with-dsym";
				ENABLE_NS_ASSERTIONS = NO;
				ENABLE_STRICT_OBJC_MSGSEND = YES;
				GCC_C_LANGUAGE_STANDARD = gnu11;
				GCC_NO_COMMON_BLOCKS = YES;
				GCC_WARN_64_TO_32_BIT_CONVERSION = YES;
				GCC_WARN_ABOUT_RETURN_TYPE = YES_ERROR;
				GCC_WARN_UNDECLARED_SELECTOR = YES;
				GCC_WARN_UNINITIALIZED_AUTOS = YES_AGGRESSIVE;
				GCC_WARN_UNUSED_FUNCTION = YES;
				GCC_WARN_UNUSED_VARIABLE = YES;
				IPHONEOS_DEPLOYMENT_TARGET = 11.3;
				MTL_ENABLE_DEBUG_INFO = NO;
				SDKROOT = iphoneos;
				VALIDATE_PRODUCT = YES;
			};
			name = Release;
		};
		6B297449207E02B700ADE112 /* Debug */ = {
			isa = XCBuildConfiguration;
			baseConfigurationReference = 7798C60C5C1B03E8743BE06B /* Pods-DMFastlane.debug.xcconfig */;
			buildSettings = {
				ASSETCATALOG_COMPILER_APPICON_NAME = AppIcon;
				CODE_SIGN_STYLE = Manual;
				DEVELOPMENT_TEAM = XWNPFKK4U5;
				INFOPLIST_FILE = DMFastlane/Info.plist;
				LD_RUNPATH_SEARCH_PATHS = (
					"$(inherited)",
					"@executable_path/Frameworks",
				);
				PRODUCT_BUNDLE_IDENTIFIER = com.msb.DMFastlane;
				PRODUCT_NAME = "$(TARGET_NAME)";
				PROVISIONING_PROFILE = "d2636a42-5de6-4cbd-b376-f4e11bee52f4";
				PROVISIONING_PROFILE_SPECIFIER = all_20171024;
				TARGETED_DEVICE_FAMILY = "1,2";
			};
			name = Debug;
		};
		6B29744A207E02B700ADE112 /* Release */ = {
			isa = XCBuildConfiguration;
			baseConfigurationReference = 79FAC6D8D1A02FE350B2E7EF /* Pods-DMFastlane.release.xcconfig */;
			buildSettings = {
				ASSETCATALOG_COMPILER_APPICON_NAME = AppIcon;
				CODE_SIGN_STYLE = Manual;
				DEVELOPMENT_TEAM = XWNPFKK4U5;
				INFOPLIST_FILE = DMFastlane/Info.plist;
				LD_RUNPATH_SEARCH_PATHS = (
					"$(inherited)",
					"@executable_path/Frameworks",
				);
				PRODUCT_BUNDLE_IDENTIFIER = com.msb.DMFastlane;
				PRODUCT_NAME = "$(TARGET_NAME)";
				PROVISIONING_PROFILE = "d2636a42-5de6-4cbd-b376-f4e11bee52f4";
				PROVISIONING_PROFILE_SPECIFIER = all_20171024;
				TARGETED_DEVICE_FAMILY = "1,2";
			};
			name = Release;
		};
		6B29744C207E02B700ADE112 /* Debug */ = {
			isa = XCBuildConfiguration;
			baseConfigurationReference = 835EC1271B5FB86AEFB531CC /* Pods-DMFastlaneTests.debug.xcconfig */;
			buildSettings = {
				BUNDLE_LOADER = "$(TEST_HOST)";
				CODE_SIGN_STYLE = Automatic;
				INFOPLIST_FILE = DMFastlaneTests/Info.plist;
				LD_RUNPATH_SEARCH_PATHS = (
					"$(inherited)",
					"@executable_path/Frameworks",
					"@loader_path/Frameworks",
				);
				PRODUCT_BUNDLE_IDENTIFIER = com.msb.DMFastlaneTests;
				PRODUCT_NAME = "$(TARGET_NAME)";
				TARGETED_DEVICE_FAMILY = "1,2";
				TEST_HOST = "$(BUILT_PRODUCTS_DIR)/DMFastlane.app/DMFastlane";
			};
			name = Debug;
		};
		6B29744D207E02B700ADE112 /* Release */ = {
			isa = XCBuildConfiguration;
			baseConfigurationReference = 655B9B7D13EDFEFC74EDE85B /* Pods-DMFastlaneTests.release.xcconfig */;
			buildSettings = {
				BUNDLE_LOADER = "$(TEST_HOST)";
				CODE_SIGN_STYLE = Automatic;
				INFOPLIST_FILE = DMFastlaneTests/Info.plist;
				LD_RUNPATH_SEARCH_PATHS = (
					"$(inherited)",
					"@executable_path/Frameworks",
					"@loader_path/Frameworks",
				);
				PRODUCT_BUNDLE_IDENTIFIER = com.msb.DMFastlaneTests;
				PRODUCT_NAME = "$(TARGET_NAME)";
				TARGETED_DEVICE_FAMILY = "1,2";
				TEST_HOST = "$(BUILT_PRODUCTS_DIR)/DMFastlane.app/DMFastlane";
			};
			name = Release;
		};
		6B29744F207E02B700ADE112 /* Debug */ = {
			isa = XCBuildConfiguration;
			baseConfigurationReference = 3349AF2F9940A4378C3D0D5A /* Pods-DMFastlaneUITests.debug.xcconfig */;
			buildSettings = {
				CODE_SIGN_STYLE = Automatic;
				INFOPLIST_FILE = DMFastlaneUITests/Info.plist;
				LD_RUNPATH_SEARCH_PATHS = (
					"$(inherited)",
					"@executable_path/Frameworks",
					"@loader_path/Frameworks",
				);
				PRODUCT_BUNDLE_IDENTIFIER = com.msb.DMFastlaneUITests;
				PRODUCT_NAME = "$(TARGET_NAME)";
				TARGETED_DEVICE_FAMILY = "1,2";
				TEST_TARGET_NAME = DMFastlane;
			};
			name = Debug;
		};
		6B297450207E02B700ADE112 /* Release */ = {
			isa = XCBuildConfiguration;
			baseConfigurationReference = 23B68C88C2A549F0B8F40A31 /* Pods-DMFastlaneUITests.release.xcconfig */;
			buildSettings = {
				CODE_SIGN_STYLE = Automatic;
				INFOPLIST_FILE = DMFastlaneUITests/Info.plist;
				LD_RUNPATH_SEARCH_PATHS = (
					"$(inherited)",
					"@executable_path/Frameworks",
					"@loader_path/Frameworks",
				);
				PRODUCT_BUNDLE_IDENTIFIER = com.msb.DMFastlaneUITests;
				PRODUCT_NAME = "$(TARGET_NAME)";
				TARGETED_DEVICE_FAMILY = "1,2";
				TEST_TARGET_NAME = DMFastlane;
			};
			name = Release;
		};
/* End XCBuildConfiguration section */

/* Begin XCConfigurationList section */
		6B297417207E02B500ADE112 /* Build configuration list for PBXProject "DMFastlane" */ = {
			isa = XCConfigurationList;
			buildConfigurations = (
				6B297446207E02B700ADE112 /* Debug */,
				6B297447207E02B700ADE112 /* Release */,
			);
			defaultConfigurationIsVisible = 0;
			defaultConfigurationName = Release;
		};
		6B297448207E02B700ADE112 /* Build configuration list for PBXNativeTarget "DMFastlane" */ = {
			isa = XCConfigurationList;
			buildConfigurations = (
				6B297449207E02B700ADE112 /* Debug */,
				6B29744A207E02B700ADE112 /* Release */,
			);
			defaultConfigurationIsVisible = 0;
			defaultConfigurationName = Release;
		};
		6B29744B207E02B700ADE112 /* Build configuration list for PBXNativeTarget "DMFastlaneTests" */ = {
			isa = XCConfigurationList;
			buildConfigurations = (
				6B29744C207E02B700ADE112 /* Debug */,
				6B29744D207E02B700ADE112 /* Release */,
			);
			defaultConfigurationIsVisible = 0;
			defaultConfigurationName = Release;
		};
		6B29744E207E02B700ADE112 /* Build configuration list for PBXNativeTarget "DMFastlaneUITests" */ = {
			isa = XCConfigurationList;
			buildConfigurations = (
				6B29744F207E02B700ADE112 /* Debug */,
				6B297450207E02B700ADE112 /* Release */,
			);
			defaultConfigurationIsVisible = 0;
			defaultConfigurationName = Release;
		};
/* End XCConfigurationList section */
	};
	rootObject = 6B297414207E02B500ADE112 /* Project object */;
}
